{
  "originHash" : "6cc27e401d4202a2f3f12e2eb93231e5bd03502c8592a6b8153e83ad7dea8b42",
  "pins" : [
    {
      "identity" : "zencoregraphics",
      "kind" : "remoteSourceControl",
      "location" : "https://github.com/roland19deschain/ZenCoreGraphics",
      "state" : {
        "revision" : "4c75675c610163a47efbb0bfaa14882eb6d2b3e0",
        "version" : "2.0.2"
      }
    },
    {
      "identity" : "zenswift",
      "kind" : "remoteSourceControl",
      "location" : "https://github.com/roland19deschain/ZenSwift.git",
      "state" : {
        "revision" : "8e7a22dab37347f8bb3a4faafc5dda5967349047",
        "version" : "2.1.15"
      }
    },
    {
      "identity" : "zenuikit",
      "kind" : "remoteSourceControl",
      "location" : "https://github.com/roland19deschain/ZenUIKit",
      "state" : {
        "revision" : "04ac5e283da2c81e3f971d8c1826fac9f23f4998",
        "version" : "2.5.0"
      }
    }
  ],
  "version" : 3
}
